
Microsoft Visual Studio Solution File, Format Version 12.00
# Visual Studio Version 17
VisualStudioVersion = 17.4.33213.308
MinimumVisualStudioVersion = 10.0.40219.1
Project("{FAE04EC0-301F-11D3-BF4B-00C04F79EFBC}") = "BtDownloader", "BtDownloader\BtDownloader.csproj", "{46EDA28E-1E6C-43FF-A53C-554118F83D5B}"
EndProject
Global
	GlobalSection(SolutionConfigurationPlatforms) = preSolution
		Debug|Any CPU = Debug|Any CPU
		Release|Any CPU = Release|Any CPU
	EndGlobalSection
	GlobalSection(ProjectConfigurationPlatforms) = postSolution
		{46EDA28E-1E6C-43FF-A53C-554118F83D5B}.Debug|Any CPU.ActiveCfg = Debug|Any CPU
		{46EDA28E-1E6C-43FF-A53C-554118F83D5B}.Debug|Any CPU.Build.0 = Debug|Any CPU
		{46EDA28E-1E6C-43FF-A53C-554118F83D5B}.Release|Any CPU.ActiveCfg = Release|Any CPU
		{46EDA28E-1E6C-43FF-A53C-554118F83D5B}.Release|Any CPU.Build.0 = Release|Any CPU
	EndGlobalSection
	GlobalSection(SolutionProperties) = preSolution
		HideSolutionNode = FALSE
	EndGlobalSection
	GlobalSection(ExtensibilityGlobals) = postSolution
		SolutionGuid = {27197195-2C1C-4FFD-8959-3E622AE6078F}
	EndGlobalSection
EndGlobal
